
Microsoft Visual Studio Solution File, Format Version 12.00
# Visual Studio Version 16
VisualStudioVersion = 16.0.33214.272
MinimumVisualStudioVersion = 10.0.40219.1
Project("{FAE04EC0-301F-11D3-BF4B-00C04F79EFBC}") = "mission09_nj236", "mission09_nj236.csproj", "{2D187175-3C57-4F52-870B-0D1C74A99B2B}"
EndProject
Global
	GlobalSection(SolutionConfigurationPlatforms) = preSolution
		Debug|Any CPU = Debug|Any CPU
		Release|Any CPU = Release|Any CPU
	EndGlobalSection
	GlobalSection(ProjectConfigurationPlatforms) = postSolution
		{2D187175-3C57-4F52-870B-0D1C74A99B2B}.Debug|Any CPU.ActiveCfg = Debug|Any CPU
		{2D187175-3C57-4F52-870B-0D1C74A99B2B}.Debug|Any CPU.Build.0 = Debug|Any CPU
		{2D187175-3C57-4F52-870B-0D1C74A99B2B}.Release|Any CPU.ActiveCfg = Release|Any CPU
		{2D187175-3C57-4F52-870B-0D1C74A99B2B}.Release|Any CPU.Build.0 = Release|Any CPU
	EndGlobalSection
	GlobalSection(SolutionProperties) = preSolution
		HideSolutionNode = FALSE
	EndGlobalSection
	GlobalSection(ExtensibilityGlobals) = postSolution
		SolutionGuid = {F7E55877-6C6D-4362-A4BC-9FFC2332AD9A}
	EndGlobalSection
EndGlobal
